// !$*UTF8*$!
{
	archiveVersion = 1;
	classes = {
	};
	objectVersion = 77;
	objects = {

/* Begin PBXBuildFile section */
		29F52B362F08865400BCB84C /* README.md in Resources */ = {isa = PBXBuildFile; fileRef = 29F52B352F08865000BCB84C /* README.md */; };
/* End PBXBuildFile section */

/* Begin PBXContainerItemProxy section */
		29F52B132F08859E00BCB84C /* PBXContainerItemProxy */ = {
			isa = PBXContainerItemProxy;
			containerPortal = 29F52AFD2F08859D00BCB84C /* Project object */;
			proxyType = 1;
			remoteGlobalIDString = 29F52B042F08859D00BCB84C;
			remoteInfo = "script-hub";
		};
		29F52B1D2F08859E00BCB84C /* PBXContainerItemProxy */ = {
			isa = PBXContainerItemProxy;
			containerPortal = 29F52AFD2F08859D00BCB84C /* Project object */;
			proxyType = 1;
			remoteGlobalIDString = 29F52B042F08859D00BCB84C;
			remoteInfo = "script-hub";
		};
/* End PBXContainerItemProxy section */

/* Begin PBXFileReference section */
		29F52B052F08859D00BCB84C /* script-hub.app */ = {isa = PBXFileReference; explicitFileType = wrapper.application; includeInIndex = 0; path = "script-hub.app"; sourceTree = BUILT_PRODUCTS_DIR; };
		29F52B122F08859E00BCB84C /* script-hubTests.xctest */ = {isa = PBXFileReference; explicitFileType = wrapper.cfbundle; includeInIndex = 0; path = "script-hubTests.xctest"; sourceTree = BUILT_PRODUCTS_DIR; };
		29F52B1C2F08859E00BCB84C /* script-hubUITests.xctest */ = {isa = PBXFileReference; explicitFileType = wrapper.cfbundle; includeInIndex = 0; path = "script-hubUITests.xctest"; sourceTree = BUILT_PRODUCTS_DIR; };
		29F52B352F08865000BCB84C /* README.md */ = {isa = PBXFileReference; lastKnownFileType = net.daringfireball.markdown; path = README.md; sourceTree = "<group>"; };
/* End PBXFileReference section */

/* Begin PBXFileSystemSynchronizedRootGroup section */
		29F52B072F08859D00BCB84C /* script-hub */ = {
			isa = PBXFileSystemSynchronizedRootGroup;
			path = "script-hub";
			sourceTree = "<group>";
		};
		29F52B152F08859E00BCB84C /* script-hubTests */ = {
			isa = PBXFileSystemSynchronizedRootGroup;
			path = "script-hubTests";
			sourceTree = "<group>";
		};
		29F52B1F2F08859E00BCB84C /* script-hubUITests */ = {
			isa = PBXFileSystemSynchronizedRootGroup;
			path = "script-hubUITests";
			sourceTree = "<group>";
		};
/* End PBXFileSystemSynchronizedRootGroup section */

/* Begin PBXFrameworksBuildPhase section */
		29F52B022F08859D00BCB84C /* Frameworks */ = {
			isa = PBXFrameworksBuildPhase;
			buildActionMask = 2147483647;
			files = (
			);
			runOnlyForDeploymentPostprocessing = 0;
		};
		29F52B0F2F08859E00BCB84C /* Frameworks */ = {
			isa = PBXFrameworksBuildPhase;
			buildActionMask = 2147483647;
			files = (
			);
			runOnlyForDeploymentPostprocessing = 0;
		};
		29F52B192F08859E00BCB84C /* Frameworks */ = {
			isa = PBXFrameworksBuildPhase;
			buildActionMask = 2147483647;
			files = (
			);
			runOnlyForDeploymentPostprocessing = 0;
		};
/* End PBXFrameworksBuildPhase section */

/* Begin PBXGroup section */
		29F52AFC2F08859D00BCB84C = {
			isa = PBXGroup;
			children = (
				29F52B352F08865000BCB84C /* README.md */,
				29F52B072F08859D00BCB84C /* script-hub */,
				29F52B152F08859E00BCB84C /* script-hubTests */,
				29F52B1F2F08859E00BCB84C /* script-hubUITests */,
				29F52B062F08859D00BCB84C /* Products */,
			);
			sourceTree = "<group>";
		};
		29F52B062F08859D00BCB84C /* Products */ = {
			isa = PBXGroup;
			children = (
				29F52B052F08859D00BCB84C /* script-hub.app */,
				29F52B122F08859E00BCB84C /* script-hubTests.xctest */,
				29F52B1C2F08859E00BCB84C /* script-hubUITests.xctest */,
			);
			name = Products;
			sourceTree = "<group>";
		};
/* End PBXGroup section */

/* Begin PBXNativeTarget section */
		29F52B042F08859D00BCB84C /* script-hub */ = {
			isa = PBXNativeTarget;
			buildConfigurationList = 29F52B262F08859E00BCB84C /* Build configuration list for PBXNativeTarget "script-hub" */;
			buildPhases = (
				29F52B012F08859D00BCB84C /* Sources */,
				29F52B022F08859D00BCB84C /* Frameworks */,
				29F52B032F08859D00BCB84C /* Resources */,
			);
			buildRules = (
			);
			dependencies = (
			);
			fileSystemSynchronizedGroups = (
				29F52B072F08859D00BCB84C /* script-hub */,
			);
			name = "script-hub";
			packageProductDependencies = (
			);
			productName = "script-hub";
			productReference = 29F52B052F08859D00BCB84C /* script-hub.app */;
			productType = "com.apple.product-type.application";
		};
		29F52B112F08859E00BCB84C /* script-hubTests */ = {
			isa = PBXNativeTarget;
			buildConfigurationList = 29F52B292F08859E00BCB84C /* Build configuration list for PBXNativeTarget "script-hubTests" */;
			buildPhases = (
				29F52B0E2F08859E00BCB84C /* Sources */,
				29F52B0F2F08859E00BCB84C /* Frameworks */,
				29F52B102F08859E00BCB84C /* Resources */,
			);
			buildRules = (
			);
			dependencies = (
				29F52B142F08859E00BCB84C /* PBXTargetDependency */,
			);
			fileSystemSynchronizedGroups = (
				29F52B152F08859E00BCB84C /* script-hubTests */,
			);
			name = "script-hubTests";
			packageProductDependencies = (
			);
			productName = "script-hubTests";
			productReference = 29F52B122F08859E00BCB84C /* script-hubTests.xctest */;
			productType = "com.apple.product-type.bundle.unit-test";
		};
		29F52B1B2F08859E00BCB84C /* script-hubUITests */ = {
			isa = PBXNativeTarget;
			buildConfigurationList = 29F52B2C2F08859E00BCB84C /* Build configuration list for PBXNativeTarget "script-hubUITests" */;
			buildPhases = (
				29F52B182F08859E00BCB84C /* Sources */,
				29F52B192F08859E00BCB84C /* Frameworks */,
				29F52B1A2F08859E00BCB84C /* Resources */,
			);
			buildRules = (
			);
			dependencies = (
				29F52B1E2F08859E00BCB84C /* PBXTargetDependency */,
			);
			fileSystemSynchronizedGroups = (
				29F52B1F2F08859E00BCB84C /* script-hubUITests */,
			);
			name = "script-hubUITests";
			packageProductDependencies = (
			);
			productName = "script-hubUITests";
			productReference = 29F52B1C2F08859E00BCB84C /* script-hubUITests.xctest */;
			productType = "com.apple.product-type.bundle.ui-testing";
		};
/* End PBXNativeTarget section */

/* Begin PBXProject section */
		29F52AFD2F08859D00BCB84C /* Project object */ = {
			isa = PBXProject;
			attributes = {
				BuildIndependentTargetsInParallel = 1;
				LastSwiftUpdateCheck = 2600;
				LastUpgradeCheck = 2600;
				TargetAttributes = {
					29F52B042F08859D00BCB84C = {
						CreatedOnToolsVersion = 26.0;
					};
					29F52B112F08859E00BCB84C = {
						CreatedOnToolsVersion = 26.0;
						TestTargetID = 29F52B042F08859D00BCB84C;
					};
					29F52B1B2F08859E00BCB84C = {
						CreatedOnToolsVersion = 26.0;
						TestTargetID = 29F52B042F08859D00BCB84C;
					};
				};
			};
			buildConfigurationList = 29F52B002F08859D00BCB84C /* Build configuration list for PBXProject "script-hub" */;
			developmentRegion = en;
			hasScannedForEncodings = 0;
			knownRegions = (
				en,
				Base,
			);
			mainGroup = 29F52AFC2F08859D00BCB84C;
			minimizedProjectReferenceProxies = 1;
			preferredProjectObjectVersion = 77;
			productRefGroup = 29F52B062F08859D00BCB84C /* Products */;
			projectDirPath = "";
			projectRoot = "";
			targets = (
				29F52B042F08859D00BCB84C /* script-hub */,
				29F52B112F08859E00BCB84C /* script-hubTests */,
				29F52B1B2F08859E00BCB84C /* script-hubUITests */,
			);
		};
/* End PBXProject section */

/* Begin PBXResourcesBuildPhase section */
		29F52B032F08859D00BCB84C /* Resources */ = {
			isa = PBXResourcesBuildPhase;
			buildActionMask = 2147483647;
			files = (
				29F52B362F08865400BCB84C /* README.md in Resources */,
			);
			runOnlyForDeploymentPostprocessing = 0;
		};
		29F52B102F08859E00BCB84C /* Resources */ = {
			isa = PBXResourcesBuildPhase;
			buildActionMask = 2147483647;
			files = (
			);
			runOnlyForDeploymentPostprocessing = 0;
		};
		29F52B1A2F08859E00BCB84C /* Resources */ = {
			isa = PBXResourcesBuildPhase;
			buildActionMask = 2147483647;
			files = (
			);
			runOnlyForDeploymentPostprocessing = 0;
		};
/* End PBXResourcesBuildPhase section */

/* Begin PBXSourcesBuildPhase section */
		29F52B012F08859D00BCB84C /* Sources */ = {
			isa = PBXSourcesBuildPhase;
			buildActionMask = 2147483647;
			files = (
			);
			runOnlyForDeploymentPostprocessing = 0;
		};
		29F52B0E2F08859E00BCB84C /* Sources */ = {
			isa = PBXSourcesBuildPhase;
			buildActionMask = 2147483647;
			files = (
			);
			runOnlyForDeploymentPostprocessing = 0;
		};
		29F52B182F08859E00BCB84C /* Sources */ = {
			isa = PBXSourcesBuildPhase;
			buildActionMask = 2147483647;
			files = (
			);
			runOnlyForDeploymentPostprocessing = 0;
		};
/* End PBXSourcesBuildPhase section */

/* Begin PBXTargetDependency section */
		29F52B142F08859E00BCB84C /* PBXTargetDependency */ = {
			isa = PBXTargetDependency;
			target = 29F52B042F08859D00BCB84C /* script-hub */;
			targetProxy = 29F52B132F08859E00BCB84C /* PBXContainerItemProxy */;
		};
		29F52B1E2F08859E00BCB84C /* PBXTargetDependency */ = {
			isa = PBXTargetDependency;
			target = 29F52B042F08859D00BCB84C /* script-hub */;
			targetProxy = 29F52B1D2F08859E00BCB84C /* PBXContainerItemProxy */;
		};
/* End PBXTargetDependency section */

/* Begin XCBuildConfiguration section */
		29F52B242F08859E00BCB84C /* Debug */ = {
			isa = XCBuildConfiguration;
			buildSettings = {
				ALWAYS_SEARCH_USER_PATHS = NO;
				ASSETCATALOG_COMPILER_GENERATE_SWIFT_ASSET_SYMBOL_EXTENSIONS = YES;
				CLANG_ANALYZER_NONNULL = YES;
				CLANG_ANALYZER_NUMBER_OBJECT_CONVERSION = YES_AGGRESSIVE;
				CLANG_CXX_LANGUAGE_STANDARD = "gnu++20";
				CLANG_ENABLE_MODULES = YES;
				CLANG_ENABLE_OBJC_ARC = YES;
				CLANG_ENABLE_OBJC_WEAK = YES;
				CLANG_WARN_BLOCK_CAPTURE_AUTORELEASING = YES;
				CLANG_WARN_BOOL_CONVERSION = YES;
				CLANG_WARN_COMMA = YES;
				CLANG_WARN_CONSTANT_CONVERSION = YES;
				CLANG_WARN_DEPRECATED_OBJC_IMPLEMENTATIONS = YES;
				CLANG_WARN_DIRECT_OBJC_ISA_USAGE = YES_ERROR;
				CLANG_WARN_DOCUMENTATION_COMMENTS = YES;
				CLANG_WARN_EMPTY_BODY = YES;
				CLANG_WARN_ENUM_CONVERSION = YES;
				CLANG_WARN_INFINITE_RECURSION = YES;
				CLANG_WARN_INT_CONVERSION = YES;
				CLANG_WARN_NON_LITERAL_NULL_CONVERSION = YES;
				CLANG_WARN_OBJC_IMPLICIT_RETAIN_SELF = YES;
				CLANG_WARN_OBJC_LITERAL_CONVERSION = YES;
				CLANG_WARN_OBJC_ROOT_CLASS = YES_ERROR;
				CLANG_WARN_QUOTED_INCLUDE_IN_FRAMEWORK_HEADER = YES;
				CLANG_WARN_RANGE_LOOP_ANALYSIS = YES;
				CLANG_WARN_STRICT_PROTOTYPES = YES;
				CLANG_WARN_SUSPICIOUS_MOVE = YES;
				CLANG_WARN_UNGUARDED_AVAILABILITY = YES_AGGRESSIVE;
				CLANG_WARN_UNREACHABLE_CODE = YES;
				CLANG_WARN__DUPLICATE_METHOD_MATCH = YES;
				COPY_PHASE_STRIP = NO;
				DEBUG_INFORMATION_FORMAT = dwarf;
				DEVELOPMENT_TEAM = KV4D48PA65;
				ENABLE_STRICT_OBJC_MSGSEND = YES;
				ENABLE_TESTABILITY = YES;
				ENABLE_USER_SCRIPT_SANDBOXING = YES;
				GCC_C_LANGUAGE_STANDARD = gnu17;
				GCC_DYNAMIC_NO_PIC = NO;
				GCC_NO_COMMON_BLOCKS = YES;
				GCC_OPTIMIZATION_LEVEL = 0;
				GCC_PREPROCESSOR_DEFINITIONS = (
					"DEBUG=1",
					"$(inherited)",
				);
				GCC_WARN_64_TO_32_BIT_CONVERSION = YES;
				GCC_WARN_ABOUT_RETURN_TYPE = YES_ERROR;
				GCC_WARN_UNDECLARED_SELECTOR = YES;
				GCC_WARN_UNINITIALIZED_AUTOS = YES_AGGRESSIVE;
				GCC_WARN_UNUSED_FUNCTION = YES;
				GCC_WARN_UNUSED_VARIABLE = YES;
				LOCALIZATION_PREFERS_STRING_CATALOGS = YES;
				MACOSX_DEPLOYMENT_TARGET = 26.0;
				MTL_ENABLE_DEBUG_INFO = INCLUDE_SOURCE;
				MTL_FAST_MATH = YES;
				ONLY_ACTIVE_ARCH = YES;
				SDKROOT = macosx;
				SWIFT_ACTIVE_COMPILATION_CONDITIONS = "DEBUG $(inherited)";
				SWIFT_OPTIMIZATION_LEVEL = "-Onone";
			};
			name = Debug;
		};
		29F52B252F08859E00BCB84C /* Release */ = {
			isa = XCBuildConfiguration;
			buildSettings = {
				ALWAYS_SEARCH_USER_PATHS = NO;
				ASSETCATALOG_COMPILER_GENERATE_SWIFT_ASSET_SYMBOL_EXTENSIONS = YES;
				CLANG_ANALYZER_NONNULL = YES;
				CLANG_ANALYZER_NUMBER_OBJECT_CONVERSION = YES_AGGRESSIVE;
				CLANG_CXX_LANGUAGE_STANDARD = "gnu++20";
				CLANG_ENABLE_MODULES = YES;
				CLANG_ENABLE_OBJC_ARC = YES;
				CLANG_ENABLE_OBJC_WEAK = YES;
				CLANG_WARN_BLOCK_CAPTURE_AUTORELEASING = YES;
				CLANG_WARN_BOOL_CONVERSION = YES;
				CLANG_WARN_COMMA = YES;
				CLANG_WARN_CONSTANT_CONVERSION = YES;
				CLANG_WARN_DEPRECATED_OBJC_IMPLEMENTATIONS = YES;
				CLANG_WARN_DIRECT_OBJC_ISA_USAGE = YES_ERROR;
				CLANG_WARN_DOCUMENTATION_COMMENTS = YES;
				CLANG_WARN_EMPTY_BODY = YES;
				CLANG_WARN_ENUM_CONVERSION = YES;
				CLANG_WARN_INFINITE_RECURSION = YES;
				CLANG_WARN_INT_CONVERSION = YES;
				CLANG_WARN_NON_LITERAL_NULL_CONVERSION = YES;
				CLANG_WARN_OBJC_IMPLICIT_RETAIN_SELF = YES;
				CLANG_WARN_OBJC_LITERAL_CONVERSION = YES;
				CLANG_WARN_OBJC_ROOT_CLASS = YES_ERROR;
				CLANG_WARN_QUOTED_INCLUDE_IN_FRAMEWORK_HEADER = YES;
				CLANG_WARN_RANGE_LOOP_ANALYSIS = YES;
				CLANG_WARN_STRICT_PROTOTYPES = YES;
				CLANG_WARN_SUSPICIOUS_MOVE = YES;
				CLANG_WARN_UNGUARDED_AVAILABILITY = YES_AGGRESSIVE;
				CLANG_WARN_UNREACHABLE_CODE = YES;
				CLANG_WARN__DUPLICATE_METHOD_MATCH = YES;
				COPY_PHASE_STRIP = NO;
				DEBUG_INFORMATION_FORMAT = "dwarf-with-dsym";
				DEVELOPMENT_TEAM = KV4D48PA65;
				ENABLE_NS_ASSERTIONS = NO;
				ENABLE_STRICT_OBJC_MSGSEND = YES;
				ENABLE_USER_SCRIPT_SANDBOXING = YES;
				GCC_C_LANGUAGE_STANDARD = gnu17;
				GCC_NO_COMMON_BLOCKS = YES;
				GCC_WARN_64_TO_32_BIT_CONVERSION = YES;
				GCC_WARN_ABOUT_RETURN_TYPE = YES_ERROR;
				GCC_WARN_UNDECLARED_SELECTOR = YES;
				GCC_WARN_UNINITIALIZED_AUTOS = YES_AGGRESSIVE;
				GCC_WARN_UNUSED_FUNCTION = YES;
				GCC_WARN_UNUSED_VARIABLE = YES;
				LOCALIZATION_PREFERS_STRING_CATALOGS = YES;
				MACOSX_DEPLOYMENT_TARGET = 26.0;
				MTL_ENABLE_DEBUG_INFO = NO;
				MTL_FAST_MATH = YES;
				SDKROOT = macosx;
				SWIFT_COMPILATION_MODE = wholemodule;
			};
			name = Release;
		};
		29F52B272F08859E00BCB84C /* Debug */ = {
			isa = XCBuildConfiguration;
			buildSettings = {
				ASSETCATALOG_COMPILER_APPICON_NAME = AppIcon;
				ASSETCATALOG_COMPILER_GLOBAL_ACCENT_COLOR_NAME = AccentColor;
				CODE_SIGN_STYLE = Automatic;
				COMBINE_HIDPI_IMAGES = YES;
				CURRENT_PROJECT_VERSION = 1;
				DEVELOPMENT_TEAM = KV4D48PA65;
				ENABLE_APP_SANDBOX = NO;
				ENABLE_HARDENED_RUNTIME = YES;
				ENABLE_PREVIEWS = YES;
				GENERATE_INFOPLIST_FILE = YES;
				INFOPLIST_KEY_NSHumanReadableCopyright = "";
				LD_RUNPATH_SEARCH_PATHS = (
					"$(inherited)",
					"@executable_path/../Frameworks",
				);
				MARKETING_VERSION = 1.0;
				PRODUCT_BUNDLE_IDENTIFIER = "com.jwong2529.script-hub";
				PRODUCT_NAME = "$(TARGET_NAME)";
				REGISTER_APP_GROUPS = YES;
				STRING_CATALOG_GENERATE_SYMBOLS = YES;
				SWIFT_APPROACHABLE_CONCURRENCY = YES;
				SWIFT_DEFAULT_ACTOR_ISOLATION = MainActor;
				SWIFT_EMIT_LOC_STRINGS = YES;
				SWIFT_UPCOMING_FEATURE_MEMBER_IMPORT_VISIBILITY = YES;
				SWIFT_VERSION = 5.0;
			};
			name = Debug;
		};
		29F52B282F08859E00BCB84C /* Release */ = {
			isa = XCBuildConfiguration;
			buildSettings = {
				ASSETCATALOG_COMPILER_APPICON_NAME = AppIcon;
				ASSETCATALOG_COMPILER_GLOBAL_ACCENT_COLOR_NAME = AccentColor;
				CODE_SIGN_STYLE = Automatic;
				COMBINE_HIDPI_IMAGES = YES;
				CURRENT_PROJECT_VERSION = 1;
				DEVELOPMENT_TEAM = KV4D48PA65;
				ENABLE_APP_SANDBOX = NO;
				ENABLE_HARDENED_RUNTIME = YES;
				ENABLE_PREVIEWS = YES;
				GENERATE_INFOPLIST_FILE = YES;
				INFOPLIST_KEY_NSHumanReadableCopyright = "";
				LD_RUNPATH_SEARCH_PATHS = (
					"$(inherited)",
					"@executable_path/../Frameworks",
				);
				MARKETING_VERSION = 1.0;
				PRODUCT_BUNDLE_IDENTIFIER = "com.jwong2529.script-hub";
				PRODUCT_NAME = "$(TARGET_NAME)";
				REGISTER_APP_GROUPS = YES;
				STRING_CATALOG_GENERATE_SYMBOLS = YES;
				SWIFT_APPROACHABLE_CONCURRENCY = YES;
				SWIFT_DEFAULT_ACTOR_ISOLATION = MainActor;
				SWIFT_EMIT_LOC_STRINGS = YES;
				SWIFT_UPCOMING_FEATURE_MEMBER_IMPORT_VISIBILITY = YES;
				SWIFT_VERSION = 5.0;
			};
			name = Release;
		};
		29F52B2A2F08859E00BCB84C /* Debug */ = {
			isa = XCBuildConfiguration;
			buildSettings = {
				BUNDLE_LOADER = "$(TEST_HOST)";
				CODE_SIGN_STYLE = Automatic;
				CURRENT_PROJECT_VERSION = 1;
				DEVELOPMENT_TEAM = KV4D48PA65;
				GENERATE_INFOPLIST_FILE = YES;
				MACOSX_DEPLOYMENT_TARGET = 26.0;
				MARKETING_VERSION = 1.0;
				PRODUCT_BUNDLE_IDENTIFIER = "com.jwong2529.script-hubTests";
				PRODUCT_NAME = "$(TARGET_NAME)";
				STRING_CATALOG_GENERATE_SYMBOLS = NO;
				SWIFT_APPROACHABLE_CONCURRENCY = YES;
				SWIFT_EMIT_LOC_STRINGS = NO;
				SWIFT_UPCOMING_FEATURE_MEMBER_IMPORT_VISIBILITY = YES;
				SWIFT_VERSION = 5.0;
				TEST_HOST = "$(BUILT_PRODUCTS_DIR)/script-hub.app/$(BUNDLE_EXECUTABLE_FOLDER_PATH)/script-hub";
			};
			name = Debug;
		};
		29F52B2B2F08859E00BCB84C /* Release */ = {
			isa = XCBuildConfiguration;
			buildSettings = {
				BUNDLE_LOADER = "$(TEST_HOST)";
				CODE_SIGN_STYLE = Automatic;
				CURRENT_PROJECT_VERSION = 1;
				DEVELOPMENT_TEAM = KV4D48PA65;
				GENERATE_INFOPLIST_FILE = YES;
				MACOSX_DEPLOYMENT_TARGET = 26.0;
				MARKETING_VERSION = 1.0;
				PRODUCT_BUNDLE_IDENTIFIER = "com.jwong2529.script-hubTests";
				PRODUCT_NAME = "$(TARGET_NAME)";
				STRING_CATALOG_GENERATE_SYMBOLS = NO;
				SWIFT_APPROACHABLE_CONCURRENCY = YES;
				SWIFT_EMIT_LOC_STRINGS = NO;
				SWIFT_UPCOMING_FEATURE_MEMBER_IMPORT_VISIBILITY = YES;
				SWIFT_VERSION = 5.0;
				TEST_HOST = "$(BUILT_PRODUCTS_DIR)/script-hub.app/$(BUNDLE_EXECUTABLE_FOLDER_PATH)/script-hub";
			};
			name = Release;
		};
		29F52B2D2F08859E00BCB84C /* Debug */ = {
			isa = XCBuildConfiguration;
			buildSettings = {
				CODE_SIGN_STYLE = Automatic;
				CURRENT_PROJECT_VERSION = 1;
				DEVELOPMENT_TEAM = KV4D48PA65;
				GENERATE_INFOPLIST_FILE = YES;
				MARKETING_VERSION = 1.0;
				PRODUCT_BUNDLE_IDENTIFIER = "com.jwong2529.script-hubUITests";
				PRODUCT_NAME = "$(TARGET_NAME)";
				STRING_CATALOG_GENERATE_SYMBOLS = NO;
				SWIFT_APPROACHABLE_CONCURRENCY = YES;
				SWIFT_EMIT_LOC_STRINGS = NO;
				SWIFT_UPCOMING_FEATURE_MEMBER_IMPORT_VISIBILITY = YES;
				SWIFT_VERSION = 5.0;
				TEST_TARGET_NAME = "script-hub";
			};
			name = Debug;
		};
		29F52B2E2F08859E00BCB84C /* Release */ = {
			isa = XCBuildConfiguration;
			buildSettings = {
				CODE_SIGN_STYLE = Automatic;
				CURRENT_PROJECT_VERSION = 1;
				DEVELOPMENT_TEAM = KV4D48PA65;
				GENERATE_INFOPLIST_FILE = YES;
				MARKETING_VERSION = 1.0;
				PRODUCT_BUNDLE_IDENTIFIER = "com.jwong2529.script-hubUITests";
				PRODUCT_NAME = "$(TARGET_NAME)";
				STRING_CATALOG_GENERATE_SYMBOLS = NO;
				SWIFT_APPROACHABLE_CONCURRENCY = YES;
				SWIFT_EMIT_LOC_STRINGS = NO;
				SWIFT_UPCOMING_FEATURE_MEMBER_IMPORT_VISIBILITY = YES;
				SWIFT_VERSION = 5.0;
				TEST_TARGET_NAME = "script-hub";
			};
			name = Release;
		};
/* End XCBuildConfiguration section */

/* Begin XCConfigurationList section */
		29F52B002F08859D00BCB84C /* Build configuration list for PBXProject "script-hub" */ = {
			isa = XCConfigurationList;
			buildConfigurations = (
				29F52B242F08859E00BCB84C /* Debug */,
				29F52B252F08859E00BCB84C /* Release */,
			);
			defaultConfigurationIsVisible = 0;
			defaultConfigurationName = Release;
		};
		29F52B262F08859E00BCB84C /* Build configuration list for PBXNativeTarget "script-hub" */ = {
			isa = XCConfigurationList;
			buildConfigurations = (
				29F52B272F08859E00BCB84C /* Debug */,
				29F52B282F08859E00BCB84C /* Release */,
			);
			defaultConfigurationIsVisible = 0;
			defaultConfigurationName = Release;
		};
		29F52B292F08859E00BCB84C /* Build configuration list for PBXNativeTarget "script-hubTests" */ = {
			isa = XCConfigurationList;
			buildConfigurations = (
				29F52B2A2F08859E00BCB84C /* Debug */,
				29F52B2B2F08859E00BCB84C /* Release */,
			);
			defaultConfigurationIsVisible = 0;
			defaultConfigurationName = Release;
		};
		29F52B2C2F08859E00BCB84C /* Build configuration list for PBXNativeTarget "script-hubUITests" */ = {
			isa = XCConfigurationList;
			buildConfigurations = (
				29F52B2D2F08859E00BCB84C /* Debug */,
				29F52B2E2F08859E00BCB84C /* Release */,
			);
			defaultConfigurationIsVisible = 0;
			defaultConfigurationName = Release;
		};
/* End XCConfigurationList section */
	};
	rootObject = 29F52AFD2F08859D00BCB84C /* Project object */;
}
